// !$*UTF8*$!
{
	archiveVersion = 1;
	classes = {
	};
	objectVersion = 56;
	objects = {

/* Begin PBXBuildFile section */
		43334CC02BC5814E008D93BE /* Regions.swift in Sources */ = {isa = PBXBuildFile; fileRef = 43334CBF2BC5814E008D93BE /* Regions.swift */; };
		436014E22BB585F9007406F9 /* AirbnbCloneApp.swift in Sources */ = {isa = PBXBuildFile; fileRef = 436014E12BB585F9007406F9 /* AirbnbCloneApp.swift */; };
		436014E62BB585FB007406F9 /* Assets.xcassets in Resources */ = {isa = PBXBuildFile; fileRef = 436014E52BB585FB007406F9 /* Assets.xcassets */; };
		436014E92BB585FB007406F9 /* Preview Assets.xcassets in Resources */ = {isa = PBXBuildFile; fileRef = 436014E82BB585FB007406F9 /* Preview Assets.xcassets */; };
		436014FE2BB587D7007406F9 /* ExploreView.swift in Sources */ = {isa = PBXBuildFile; fileRef = 436014FD2BB587D7007406F9 /* ExploreView.swift */; };
		436015002BB58A15007406F9 /* ListingItemView.swift in Sources */ = {isa = PBXBuildFile; fileRef = 436014FF2BB58A15007406F9 /* ListingItemView.swift */; };
		436015022BB5939E007406F9 /* SearchAndFilterBar.swift in Sources */ = {isa = PBXBuildFile; fileRef = 436015012BB5939E007406F9 /* SearchAndFilterBar.swift */; };
		436015042BB599D6007406F9 /* ListingDetailView.swift in Sources */ = {isa = PBXBuildFile; fileRef = 436015032BB599D6007406F9 /* ListingDetailView.swift */; };
		436015072BB5A3F3007406F9 /* ListingImageCarouselView.swift in Sources */ = {isa = PBXBuildFile; fileRef = 436015062BB5A3F3007406F9 /* ListingImageCarouselView.swift */; };
		436015092BB70F23007406F9 /* DestinationSearchView.swift in Sources */ = {isa = PBXBuildFile; fileRef = 436015082BB70F23007406F9 /* DestinationSearchView.swift */; };
		4360150B2BBB0BCB007406F9 /* ProfileView.swift in Sources */ = {isa = PBXBuildFile; fileRef = 4360150A2BBB0BCB007406F9 /* ProfileView.swift */; };
		4360150D2BBC0634007406F9 /* ProfileOptionRowView.swift in Sources */ = {isa = PBXBuildFile; fileRef = 4360150C2BBC0634007406F9 /* ProfileOptionRowView.swift */; };
		436015112BBC0D30007406F9 /* WishlistView.swift in Sources */ = {isa = PBXBuildFile; fileRef = 436015102BBC0D30007406F9 /* WishlistView.swift */; };
		43E08DEF2BBC4A12004D38B0 /* MainTabView.swift in Sources */ = {isa = PBXBuildFile; fileRef = 43E08DEE2BBC4A12004D38B0 /* MainTabView.swift */; };
		43E08DF32BBC528A004D38B0 /* Listing.swift in Sources */ = {isa = PBXBuildFile; fileRef = 43E08DF22BBC528A004D38B0 /* Listing.swift */; };
		43E08DF52BBC58AE004D38B0 /* DeveloperPreview.swift in Sources */ = {isa = PBXBuildFile; fileRef = 43E08DF42BBC58AE004D38B0 /* DeveloperPreview.swift */; };
		43E08DF72BBD76C4004D38B0 /* delete.swift in Sources */ = {isa = PBXBuildFile; fileRef = 43E08DF62BBD76C4004D38B0 /* delete.swift */; };
		43E08DFC2BC55576004D38B0 /* ExploreViewModel.swift in Sources */ = {isa = PBXBuildFile; fileRef = 43E08DFB2BC55576004D38B0 /* ExploreViewModel.swift */; };
		43E08DFE2BC555FD004D38B0 /* ExploreService.swift in Sources */ = {isa = PBXBuildFile; fileRef = 43E08DFD2BC555FD004D38B0 /* ExploreService.swift */; };
/* End PBXBuildFile section */

/* Begin PBXFileReference section */
		43334CBF2BC5814E008D93BE /* Regions.swift */ = {isa = PBXFileReference; lastKnownFileType = sourcecode.swift; path = Regions.swift; sourceTree = "<group>"; };
		436014DE2BB585F9007406F9 /* AirbnbClone.app */ = {isa = PBXFileReference; explicitFileType = wrapper.application; includeInIndex = 0; path = AirbnbClone.app; sourceTree = BUILT_PRODUCTS_DIR; };
		436014E12BB585F9007406F9 /* AirbnbCloneApp.swift */ = {isa = PBXFileReference; lastKnownFileType = sourcecode.swift; path = AirbnbCloneApp.swift; sourceTree = "<group>"; };
		436014E52BB585FB007406F9 /* Assets.xcassets */ = {isa = PBXFileReference; lastKnownFileType = folder.assetcatalog; path = Assets.xcassets; sourceTree = "<group>"; };
		436014E82BB585FB007406F9 /* Preview Assets.xcassets */ = {isa = PBXFileReference; lastKnownFileType = folder.assetcatalog; path = "Preview Assets.xcassets"; sourceTree = "<group>"; };
		436014FD2BB587D7007406F9 /* ExploreView.swift */ = {isa = PBXFileReference; lastKnownFileType = sourcecode.swift; path = ExploreView.swift; sourceTree = "<group>"; };
		436014FF2BB58A15007406F9 /* ListingItemView.swift */ = {isa = PBXFileReference; lastKnownFileType = sourcecode.swift; path = ListingItemView.swift; sourceTree = "<group>"; };
		436015012BB5939E007406F9 /* SearchAndFilterBar.swift */ = {isa = PBXFileReference; lastKnownFileType = sourcecode.swift; path = SearchAndFilterBar.swift; sourceTree = "<group>"; };
		436015032BB599D6007406F9 /* ListingDetailView.swift */ = {isa = PBXFileReference; lastKnownFileType = sourcecode.swift; path = ListingDetailView.swift; sourceTree = "<group>"; };
		436015062BB5A3F3007406F9 /* ListingImageCarouselView.swift */ = {isa = PBXFileReference; lastKnownFileType = sourcecode.swift; path = ListingImageCarouselView.swift; sourceTree = "<group>"; };
		436015082BB70F23007406F9 /* DestinationSearchView.swift */ = {isa = PBXFileReference; lastKnownFileType = sourcecode.swift; path = DestinationSearchView.swift; sourceTree = "<group>"; };
		4360150A2BBB0BCB007406F9 /* ProfileView.swift */ = {isa = PBXFileReference; lastKnownFileType = sourcecode.swift; path = ProfileView.swift; sourceTree = "<group>"; };
		4360150C2BBC0634007406F9 /* ProfileOptionRowView.swift */ = {isa = PBXFileReference; lastKnownFileType = sourcecode.swift; path = ProfileOptionRowView.swift; sourceTree = "<group>"; };
		436015102BBC0D30007406F9 /* WishlistView.swift */ = {isa = PBXFileReference; lastKnownFileType = sourcecode.swift; path = WishlistView.swift; sourceTree = "<group>"; };
		43E08DEE2BBC4A12004D38B0 /* MainTabView.swift */ = {isa = PBXFileReference; lastKnownFileType = sourcecode.swift; path = MainTabView.swift; sourceTree = "<group>"; };
		43E08DF22BBC528A004D38B0 /* Listing.swift */ = {isa = PBXFileReference; lastKnownFileType = sourcecode.swift; path = Listing.swift; sourceTree = "<group>"; };
		43E08DF42BBC58AE004D38B0 /* DeveloperPreview.swift */ = {isa = PBXFileReference; lastKnownFileType = sourcecode.swift; path = DeveloperPreview.swift; sourceTree = "<group>"; };
		43E08DF62BBD76C4004D38B0 /* delete.swift */ = {isa = PBXFileReference; lastKnownFileType = sourcecode.swift; path = delete.swift; sourceTree = "<group>"; };
		43E08DFB2BC55576004D38B0 /* ExploreViewModel.swift */ = {isa = PBXFileReference; lastKnownFileType = sourcecode.swift; path = ExploreViewModel.swift; sourceTree = "<group>"; };
		43E08DFD2BC555FD004D38B0 /* ExploreService.swift */ = {isa = PBXFileReference; lastKnownFileType = sourcecode.swift; path = ExploreService.swift; sourceTree = "<group>"; };
/* End PBXFileReference section */

/* Begin PBXFrameworksBuildPhase section */
		436014DB2BB585F9007406F9 /* Frameworks */ = {
			isa = PBXFrameworksBuildPhase;
			buildActionMask = 2147483647;
			files = (
			);
			runOnlyForDeploymentPostprocessing = 0;
		};
/* End PBXFrameworksBuildPhase section */

/* Begin PBXGroup section */
		436014D52BB585F9007406F9 = {
			isa = PBXGroup;
			children = (
				436014E02BB585F9007406F9 /* AirbnbClone */,
				436014DF2BB585F9007406F9 /* Products */,
			);
			sourceTree = "<group>";
		};
		436014DF2BB585F9007406F9 /* Products */ = {
			isa = PBXGroup;
			children = (
				436014DE2BB585F9007406F9 /* AirbnbClone.app */,
			);
			name = Products;
			sourceTree = "<group>";
		};
		436014E02BB585F9007406F9 /* AirbnbClone */ = {
			isa = PBXGroup;
			children = (
				436014EF2BB58601007406F9 /* App */,
				436014F02BB58632007406F9 /* Core */,
				436014F32BB58651007406F9 /* Extensions */,
				436014F42BB58653007406F9 /* Models */,
				436014F52BB58696007406F9 /* Utils */,
				436014E12BB585F9007406F9 /* AirbnbCloneApp.swift */,
				436014E52BB585FB007406F9 /* Assets.xcassets */,
				436014E72BB585FB007406F9 /* Preview Content */,
			);
			path = AirbnbClone;
			sourceTree = "<group>";
		};
		436014E72BB585FB007406F9 /* Preview Content */ = {
			isa = PBXGroup;
			children = (
				436014E82BB585FB007406F9 /* Preview Assets.xcassets */,
			);
			path = "Preview Content";
			sourceTree = "<group>";
		};
		436014EF2BB58601007406F9 /* App */ = {
			isa = PBXGroup;
			children = (
			);
			path = App;
			sourceTree = "<group>";
		};
		436014F02BB58632007406F9 /* Core */ = {
			isa = PBXGroup;
			children = (
				436015052BB5A3B5007406F9 /* Components */,
				436014F62BB586DE007406F9 /* Explore */,
				436014F72BB586E6007406F9 /* Listings */,
				436014F82BB586F2007406F9 /* MapView */,
				436014F92BB586FA007406F9 /* Profile */,
				436014FA2BB5870C007406F9 /* Root */,
				436014FB2BB58710007406F9 /* TabBar */,
				436014FC2BB5871E007406F9 /* WishLists */,
			);
			path = Core;
			sourceTree = "<group>";
		};
		436014F32BB58651007406F9 /* Extensions */ = {
			isa = PBXGroup;
			children = (
				43E08DF42BBC58AE004D38B0 /* DeveloperPreview.swift */,
				43334CBF2BC5814E008D93BE /* Regions.swift */,
			);
			path = Extensions;
			sourceTree = "<group>";
		};
		436014F42BB58653007406F9 /* Models */ = {
			isa = PBXGroup;
			children = (
				43E08DF62BBD76C4004D38B0 /* delete.swift */,
			);
			path = Models;
			sourceTree = "<group>";
		};
		436014F52BB58696007406F9 /* Utils */ = {
			isa = PBXGroup;
			children = (
			);
			path = Utils;
			sourceTree = "<group>";
		};
		436014F62BB586DE007406F9 /* Explore */ = {
			isa = PBXGroup;
			children = (
				43E08DFA2BC55505004D38B0 /* Service */,
				43E08DF92BC55502004D38B0 /* View */,
				43E08DF82BC554FF004D38B0 /* ViewModel */,
			);
			path = Explore;
			sourceTree = "<group>";
		};
		436014F72BB586E6007406F9 /* Listings */ = {
			isa = PBXGroup;
			children = (
				43E08DF12BBC525D004D38B0 /* Model */,
				43E08DF02BBC524F004D38B0 /* View */,
			);
			path = Listings;
			sourceTree = "<group>";
		};
		436014F82BB586F2007406F9 /* MapView */ = {
			isa = PBXGroup;
			children = (
			);
			path = MapView;
			sourceTree = "<group>";
		};
		436014F92BB586FA007406F9 /* Profile */ = {
			isa = PBXGroup;
			children = (
				4360150A2BBB0BCB007406F9 /* ProfileView.swift */,
				4360150C2BBC0634007406F9 /* ProfileOptionRowView.swift */,
			);
			path = Profile;
			sourceTree = "<group>";
		};
		436014FA2BB5870C007406F9 /* Root */ = {
			isa = PBXGroup;
			children = (
			);
			path = Root;
			sourceTree = "<group>";
		};
		436014FB2BB58710007406F9 /* TabBar */ = {
			isa = PBXGroup;
			children = (
				43E08DEE2BBC4A12004D38B0 /* MainTabView.swift */,
			);
			path = TabBar;
			sourceTree = "<group>";
		};
		436014FC2BB5871E007406F9 /* WishLists */ = {
			isa = PBXGroup;
			children = (
				436015102BBC0D30007406F9 /* WishlistView.swift */,
			);
			path = WishLists;
			sourceTree = "<group>";
		};
		436015052BB5A3B5007406F9 /* Components */ = {
			isa = PBXGroup;
			children = (
				436015062BB5A3F3007406F9 /* ListingImageCarouselView.swift */,
			);
			path = Components;
			sourceTree = "<group>";
		};
		43E08DF02BBC524F004D38B0 /* View */ = {
			isa = PBXGroup;
			children = (
				436015032BB599D6007406F9 /* ListingDetailView.swift */,
				436014FF2BB58A15007406F9 /* ListingItemView.swift */,
			);
			path = View;
			sourceTree = "<group>";
		};
		43E08DF12BBC525D004D38B0 /* Model */ = {
			isa = PBXGroup;
			children = (
				43E08DF22BBC528A004D38B0 /* Listing.swift */,
			);
			path = Model;
			sourceTree = "<group>";
		};
		43E08DF82BC554FF004D38B0 /* ViewModel */ = {
			isa = PBXGroup;
			children = (
				43E08DFB2BC55576004D38B0 /* ExploreViewModel.swift */,
			);
			path = ViewModel;
			sourceTree = "<group>";
		};
		43E08DF92BC55502004D38B0 /* View */ = {
			isa = PBXGroup;
			children = (
				436015012BB5939E007406F9 /* SearchAndFilterBar.swift */,
				436015082BB70F23007406F9 /* DestinationSearchView.swift */,
				436014FD2BB587D7007406F9 /* ExploreView.swift */,
			);
			path = View;
			sourceTree = "<group>";
		};
		43E08DFA2BC55505004D38B0 /* Service */ = {
			isa = PBXGroup;
			children = (
				43E08DFD2BC555FD004D38B0 /* ExploreService.swift */,
			);
			path = Service;
			sourceTree = "<group>";
		};
/* End PBXGroup section */

/* Begin PBXNativeTarget section */
		436014DD2BB585F9007406F9 /* AirbnbClone */ = {
			isa = PBXNativeTarget;
			buildConfigurationList = 436014EC2BB585FB007406F9 /* Build configuration list for PBXNativeTarget "AirbnbClone" */;
			buildPhases = (
				436014DA2BB585F9007406F9 /* Sources */,
				436014DB2BB585F9007406F9 /* Frameworks */,
				436014DC2BB585F9007406F9 /* Resources */,
			);
			buildRules = (
			);
			dependencies = (
			);
			name = AirbnbClone;
			productName = AirbnbClone;
			productReference = 436014DE2BB585F9007406F9 /* AirbnbClone.app */;
			productType = "com.apple.product-type.application";
		};
/* End PBXNativeTarget section */

/* Begin PBXProject section */
		436014D62BB585F9007406F9 /* Project object */ = {
			isa = PBXProject;
			attributes = {
				BuildIndependentTargetsInParallel = 1;
				LastSwiftUpdateCheck = 1520;
				LastUpgradeCheck = 1520;
				TargetAttributes = {
					436014DD2BB585F9007406F9 = {
						CreatedOnToolsVersion = 15.2;
					};
				};
			};
			buildConfigurationList = 436014D92BB585F9007406F9 /* Build configuration list for PBXProject "AirbnbClone" */;
			compatibilityVersion = "Xcode 14.0";
			developmentRegion = en;
			hasScannedForEncodings = 0;
			knownRegions = (
				en,
				Base,
			);
			mainGroup = 436014D52BB585F9007406F9;
			productRefGroup = 436014DF2BB585F9007406F9 /* Products */;
			projectDirPath = "";
			projectRoot = "";
			targets = (
				436014DD2BB585F9007406F9 /* AirbnbClone */,
			);
		};
/* End PBXProject section */

/* Begin PBXResourcesBuildPhase section */
		436014DC2BB585F9007406F9 /* Resources */ = {
			isa = PBXResourcesBuildPhase;
			buildActionMask = 2147483647;
			files = (
				436014E92BB585FB007406F9 /* Preview Assets.xcassets in Resources */,
				436014E62BB585FB007406F9 /* Assets.xcassets in Resources */,
			);
			runOnlyForDeploymentPostprocessing = 0;
		};
/* End PBXResourcesBuildPhase section */

/* Begin PBXSourcesBuildPhase section */
		436014DA2BB585F9007406F9 /* Sources */ = {
			isa = PBXSourcesBuildPhase;
			buildActionMask = 2147483647;
			files = (
				43E08DF72BBD76C4004D38B0 /* delete.swift in Sources */,
				4360150B2BBB0BCB007406F9 /* ProfileView.swift in Sources */,
				4360150D2BBC0634007406F9 /* ProfileOptionRowView.swift in Sources */,
				436015072BB5A3F3007406F9 /* ListingImageCarouselView.swift in Sources */,
				436015112BBC0D30007406F9 /* WishlistView.swift in Sources */,
				436015092BB70F23007406F9 /* DestinationSearchView.swift in Sources */,
				43E08DFC2BC55576004D38B0 /* ExploreViewModel.swift in Sources */,
				43334CC02BC5814E008D93BE /* Regions.swift in Sources */,
				43E08DEF2BBC4A12004D38B0 /* MainTabView.swift in Sources */,
				436015002BB58A15007406F9 /* ListingItemView.swift in Sources */,
				436014FE2BB587D7007406F9 /* ExploreView.swift in Sources */,
				436015022BB5939E007406F9 /* SearchAndFilterBar.swift in Sources */,
				43E08DF52BBC58AE004D38B0 /* DeveloperPreview.swift in Sources */,
				436015042BB599D6007406F9 /* ListingDetailView.swift in Sources */,
				43E08DF32BBC528A004D38B0 /* Listing.swift in Sources */,
				436014E22BB585F9007406F9 /* AirbnbCloneApp.swift in Sources */,
				43E08DFE2BC555FD004D38B0 /* ExploreService.swift in Sources */,
			);
			runOnlyForDeploymentPostprocessing = 0;
		};
/* End PBXSourcesBuildPhase section */

/* Begin XCBuildConfiguration section */
		436014EA2BB585FB007406F9 /* Debug */ = {
			isa = XCBuildConfiguration;
			buildSettings = {
				ALWAYS_SEARCH_USER_PATHS = NO;
				ASSETCATALOG_COMPILER_GENERATE_SWIFT_ASSET_SYMBOL_EXTENSIONS = YES;
				CLANG_ANALYZER_NONNULL = YES;
				CLANG_ANALYZER_NUMBER_OBJECT_CONVERSION = YES_AGGRESSIVE;
				CLANG_CXX_LANGUAGE_STANDARD = "gnu++20";
				CLANG_ENABLE_MODULES = YES;
				CLANG_ENABLE_OBJC_ARC = YES;
				CLANG_ENABLE_OBJC_WEAK = YES;
				CLANG_WARN_BLOCK_CAPTURE_AUTORELEASING = YES;
				CLANG_WARN_BOOL_CONVERSION = YES;
				CLANG_WARN_COMMA = YES;
				CLANG_WARN_CONSTANT_CONVERSION = YES;
				CLANG_WARN_DEPRECATED_OBJC_IMPLEMENTATIONS = YES;
				CLANG_WARN_DIRECT_OBJC_ISA_USAGE = YES_ERROR;
				CLANG_WARN_DOCUMENTATION_COMMENTS = YES;
				CLANG_WARN_EMPTY_BODY = YES;
				CLANG_WARN_ENUM_CONVERSION = YES;
				CLANG_WARN_INFINITE_RECURSION = YES;
				CLANG_WARN_INT_CONVERSION = YES;
				CLANG_WARN_NON_LITERAL_NULL_CONVERSION = YES;
				CLANG_WARN_OBJC_IMPLICIT_RETAIN_SELF = YES;
				CLANG_WARN_OBJC_LITERAL_CONVERSION = YES;
				CLANG_WARN_OBJC_ROOT_CLASS = YES_ERROR;
				CLANG_WARN_QUOTED_INCLUDE_IN_FRAMEWORK_HEADER = YES;
				CLANG_WARN_RANGE_LOOP_ANALYSIS = YES;
				CLANG_WARN_STRICT_PROTOTYPES = YES;
				CLANG_WARN_SUSPICIOUS_MOVE = YES;
				CLANG_WARN_UNGUARDED_AVAILABILITY = YES_AGGRESSIVE;
				CLANG_WARN_UNREACHABLE_CODE = YES;
				CLANG_WARN__DUPLICATE_METHOD_MATCH = YES;
				COPY_PHASE_STRIP = NO;
				DEBUG_INFORMATION_FORMAT = dwarf;
				ENABLE_STRICT_OBJC_MSGSEND = YES;
				ENABLE_TESTABILITY = YES;
				ENABLE_USER_SCRIPT_SANDBOXING = YES;
				GCC_C_LANGUAGE_STANDARD = gnu17;
				GCC_DYNAMIC_NO_PIC = NO;
				GCC_NO_COMMON_BLOCKS = YES;
				GCC_OPTIMIZATION_LEVEL = 0;
				GCC_PREPROCESSOR_DEFINITIONS = (
					"DEBUG=1",
					"$(inherited)",
				);
				GCC_WARN_64_TO_32_BIT_CONVERSION = YES;
				GCC_WARN_ABOUT_RETURN_TYPE = YES_ERROR;
				GCC_WARN_UNDECLARED_SELECTOR = YES;
				GCC_WARN_UNINITIALIZED_AUTOS = YES_AGGRESSIVE;
				GCC_WARN_UNUSED_FUNCTION = YES;
				GCC_WARN_UNUSED_VARIABLE = YES;
				IPHONEOS_DEPLOYMENT_TARGET = 17.2;
				LOCALIZATION_PREFERS_STRING_CATALOGS = YES;
				MTL_ENABLE_DEBUG_INFO = INCLUDE_SOURCE;
				MTL_FAST_MATH = YES;
				ONLY_ACTIVE_ARCH = YES;
				SDKROOT = iphoneos;
				SWIFT_ACTIVE_COMPILATION_CONDITIONS = "DEBUG $(inherited)";
				SWIFT_OPTIMIZATION_LEVEL = "-Onone";
			};
			name = Debug;
		};
		436014EB2BB585FB007406F9 /* Release */ = {
			isa = XCBuildConfiguration;
			buildSettings = {
				ALWAYS_SEARCH_USER_PATHS = NO;
				ASSETCATALOG_COMPILER_GENERATE_SWIFT_ASSET_SYMBOL_EXTENSIONS = YES;
				CLANG_ANALYZER_NONNULL = YES;
				CLANG_ANALYZER_NUMBER_OBJECT_CONVERSION = YES_AGGRESSIVE;
				CLANG_CXX_LANGUAGE_STANDARD = "gnu++20";
				CLANG_ENABLE_MODULES = YES;
				CLANG_ENABLE_OBJC_ARC = YES;
				CLANG_ENABLE_OBJC_WEAK = YES;
				CLANG_WARN_BLOCK_CAPTURE_AUTORELEASING = YES;
				CLANG_WARN_BOOL_CONVERSION = YES;
				CLANG_WARN_COMMA = YES;
				CLANG_WARN_CONSTANT_CONVERSION = YES;
				CLANG_WARN_DEPRECATED_OBJC_IMPLEMENTATIONS = YES;
				CLANG_WARN_DIRECT_OBJC_ISA_USAGE = YES_ERROR;
				CLANG_WARN_DOCUMENTATION_COMMENTS = YES;
				CLANG_WARN_EMPTY_BODY = YES;
				CLANG_WARN_ENUM_CONVERSION = YES;
				CLANG_WARN_INFINITE_RECURSION = YES;
				CLANG_WARN_INT_CONVERSION = YES;
				CLANG_WARN_NON_LITERAL_NULL_CONVERSION = YES;
				CLANG_WARN_OBJC_IMPLICIT_RETAIN_SELF = YES;
				CLANG_WARN_OBJC_LITERAL_CONVERSION = YES;
				CLANG_WARN_OBJC_ROOT_CLASS = YES_ERROR;
				CLANG_WARN_QUOTED_INCLUDE_IN_FRAMEWORK_HEADER = YES;
				CLANG_WARN_RANGE_LOOP_ANALYSIS = YES;
				CLANG_WARN_STRICT_PROTOTYPES = YES;
				CLANG_WARN_SUSPICIOUS_MOVE = YES;
				CLANG_WARN_UNGUARDED_AVAILABILITY = YES_AGGRESSIVE;
				CLANG_WARN_UNREACHABLE_CODE = YES;
				CLANG_WARN__DUPLICATE_METHOD_MATCH = YES;
				COPY_PHASE_STRIP = NO;
				DEBUG_INFORMATION_FORMAT = "dwarf-with-dsym";
				ENABLE_NS_ASSERTIONS = NO;
				ENABLE_STRICT_OBJC_MSGSEND = YES;
				ENABLE_USER_SCRIPT_SANDBOXING = YES;
				GCC_C_LANGUAGE_STANDARD = gnu17;
				GCC_NO_COMMON_BLOCKS = YES;
				GCC_WARN_64_TO_32_BIT_CONVERSION = YES;
				GCC_WARN_ABOUT_RETURN_TYPE = YES_ERROR;
				GCC_WARN_UNDECLARED_SELECTOR = YES;
				GCC_WARN_UNINITIALIZED_AUTOS = YES_AGGRESSIVE;
				GCC_WARN_UNUSED_FUNCTION = YES;
				GCC_WARN_UNUSED_VARIABLE = YES;
				IPHONEOS_DEPLOYMENT_TARGET = 17.2;
				LOCALIZATION_PREFERS_STRING_CATALOGS = YES;
				MTL_ENABLE_DEBUG_INFO = NO;
				MTL_FAST_MATH = YES;
				SDKROOT = iphoneos;
				SWIFT_COMPILATION_MODE = wholemodule;
				VALIDATE_PRODUCT = YES;
			};
			name = Release;
		};
		436014ED2BB585FB007406F9 /* Debug */ = {
			isa = XCBuildConfiguration;
			buildSettings = {
				ASSETCATALOG_COMPILER_APPICON_NAME = AppIcon;
				ASSETCATALOG_COMPILER_GLOBAL_ACCENT_COLOR_NAME = AccentColor;
				CODE_SIGN_STYLE = Automatic;
				CURRENT_PROJECT_VERSION = 1;
				DEVELOPMENT_ASSET_PATHS = "\"AirbnbClone/Preview Content\"";
				ENABLE_PREVIEWS = YES;
				GENERATE_INFOPLIST_FILE = YES;
				INFOPLIST_KEY_UIApplicationSceneManifest_Generation = YES;
				INFOPLIST_KEY_UIApplicationSupportsIndirectInputEvents = YES;
				INFOPLIST_KEY_UILaunchScreen_Generation = YES;
				INFOPLIST_KEY_UISupportedInterfaceOrientations_iPad = "UIInterfaceOrientationPortrait UIInterfaceOrientationPortraitUpsideDown UIInterfaceOrientationLandscapeLeft UIInterfaceOrientationLandscapeRight";
				INFOPLIST_KEY_UISupportedInterfaceOrientations_iPhone = "UIInterfaceOrientationPortrait UIInterfaceOrientationLandscapeLeft UIInterfaceOrientationLandscapeRight";
				IPHONEOS_DEPLOYMENT_TARGET = 17.2;
				LD_RUNPATH_SEARCH_PATHS = (
					"$(inherited)",
					"@executable_path/Frameworks",
				);
				MARKETING_VERSION = 1.0;
				PRODUCT_BUNDLE_IDENTIFIER = me.yats.daria.AirbnbClone;
				PRODUCT_NAME = "$(TARGET_NAME)";
				SWIFT_EMIT_LOC_STRINGS = YES;
				SWIFT_VERSION = 5.0;
				TARGETED_DEVICE_FAMILY = "1,2";
			};
			name = Debug;
		};
		436014EE2BB585FB007406F9 /* Release */ = {
			isa = XCBuildConfiguration;
			buildSettings = {
				ASSETCATALOG_COMPILER_APPICON_NAME = AppIcon;
				ASSETCATALOG_COMPILER_GLOBAL_ACCENT_COLOR_NAME = AccentColor;
				CODE_SIGN_STYLE = Automatic;
				CURRENT_PROJECT_VERSION = 1;
				DEVELOPMENT_ASSET_PATHS = "\"AirbnbClone/Preview Content\"";
				ENABLE_PREVIEWS = YES;
				GENERATE_INFOPLIST_FILE = YES;
				INFOPLIST_KEY_UIApplicationSceneManifest_Generation = YES;
				INFOPLIST_KEY_UIApplicationSupportsIndirectInputEvents = YES;
				INFOPLIST_KEY_UILaunchScreen_Generation = YES;
				INFOPLIST_KEY_UISupportedInterfaceOrientations_iPad = "UIInterfaceOrientationPortrait UIInterfaceOrientationPortraitUpsideDown UIInterfaceOrientationLandscapeLeft UIInterfaceOrientationLandscapeRight";
				INFOPLIST_KEY_UISupportedInterfaceOrientations_iPhone = "UIInterfaceOrientationPortrait UIInterfaceOrientationLandscapeLeft UIInterfaceOrientationLandscapeRight";
				IPHONEOS_DEPLOYMENT_TARGET = 17.2;
				LD_RUNPATH_SEARCH_PATHS = (
					"$(inherited)",
					"@executable_path/Frameworks",
				);
				MARKETING_VERSION = 1.0;
				PRODUCT_BUNDLE_IDENTIFIER = me.yats.daria.AirbnbClone;
				PRODUCT_NAME = "$(TARGET_NAME)";
				SWIFT_EMIT_LOC_STRINGS = YES;
				SWIFT_VERSION = 5.0;
				TARGETED_DEVICE_FAMILY = "1,2";
			};
			name = Release;
		};
/* End XCBuildConfiguration section */

/* Begin XCConfigurationList section */
		436014D92BB585F9007406F9 /* Build configuration list for PBXProject "AirbnbClone" */ = {
			isa = XCConfigurationList;
			buildConfigurations = (
				436014EA2BB585FB007406F9 /* Debug */,
				436014EB2BB585FB007406F9 /* Release */,
			);
			defaultConfigurationIsVisible = 0;
			defaultConfigurationName = Release;
		};
		436014EC2BB585FB007406F9 /* Build configuration list for PBXNativeTarget "AirbnbClone" */ = {
			isa = XCConfigurationList;
			buildConfigurations = (
				436014ED2BB585FB007406F9 /* Debug */,
				436014EE2BB585FB007406F9 /* Release */,
			);
			defaultConfigurationIsVisible = 0;
			defaultConfigurationName = Release;
		};
/* End XCConfigurationList section */
	};
	rootObject = 436014D62BB585F9007406F9 /* Project object */;
}
